
Microsoft Visual Studio Solution File, Format Version 12.00
# Visual Studio 15
VisualStudioVersion = 15.0.27004.2008
MinimumVisualStudioVersion = 10.0.40219.1
Project("{FAE04EC0-301F-11D3-BF4B-00C04F79EFBC}") = "Mtgdb.Dal", "Mtgdb.Dal\Mtgdb.Dal.csproj", "{4E1F0D65-B2B4-44DE-B2A7-F9F36521E475}"
EndProject
Project("{FAE04EC0-301F-11D3-BF4B-00C04F79EFBC}") = "Mtgdb.Test", "Test\Mtgdb.Test\Mtgdb.Test.csproj", "{C23E2DE4-5C35-4205-99B5-55A0CE80CCBE}"
EndProject
Project("{FAE04EC0-301F-11D3-BF4B-00C04F79EFBC}") = "Mtgdb.Gui", "Mtgdb.Gui\Mtgdb.Gui.csproj", "{97545C6D-ACD6-4A2C-84DD-CD91293CFBB6}"
EndProject
Project("{FAE04EC0-301F-11D3-BF4B-00C04F79EFBC}") = "Mtgdb.Downloader", "Mtgdb.Downloader\Mtgdb.Downloader.csproj", "{3229CA82-875D-4154-92B7-2F7C47678010}"
EndProject
Project("{FAE04EC0-301F-11D3-BF4B-00C04F79EFBC}") = "Mtgdb.Util", "Mtgdb.Util\Mtgdb.Util.csproj", "{56661DAD-10A7-41EF-8672-F417F15923CB}"
EndProject
Project("{2150E333-8FDC-42A3-9474-1A3956D46DE8}") = "Test", "Test", "{106FC38B-1268-47D8-A527-E4376709F683}"
EndProject
Project("{FAE04EC0-301F-11D3-BF4B-00C04F79EFBC}") = "Mtgdb.Core", "Mtgdb.Core\Mtgdb.Core.csproj", "{4FE226AC-EC61-451F-A602-C79DA136CE25}"
EndProject
Project("{2150E333-8FDC-42A3-9474-1A3956D46DE8}") = "[ root ]", "[ root ]", "{867E0502-F667-4D1E-A5F8-7B7D33D53FE6}"
	ProjectSection(SolutionItems) = preProject
		ISSUE_TEMPLATE.md = ISSUE_TEMPLATE.md
		etc\Mtgdb.Gui.xml = etc\Mtgdb.Gui.xml
		new-set-checklist.md = new-set-checklist.md
		SolutionInfo.cs = SolutionInfo.cs
	EndProjectSection
EndProject
Project("{FAE04EC0-301F-11D3-BF4B-00C04F79EFBC}") = "EditedTokenLocator", "Subrepo\Lucene.Net.Contrib\EditedTokenLocator\EditedTokenLocator.csproj", "{482239D1-673C-4181-A2DD-F9E5B1A2FD9B}"
EndProject
Project("{2150E333-8FDC-42A3-9474-1A3956D46DE8}") = "Lucene.Net.Contrib", "Lucene.Net.Contrib", "{0DE878BB-4070-4139-978A-883AC52E882F}"
EndProject
Project("{FAE04EC0-301F-11D3-BF4B-00C04F79EFBC}") = "Mtgdb.Controls", "Mtgdb.Controls\Mtgdb.Controls.csproj", "{E6DC781A-1E0F-481B-AAA9-3585FBD0FFDE}"
EndProject
Project("{2150E333-8FDC-42A3-9474-1A3956D46DE8}") = "[ tools ]", "[ tools ]", "{7E0371BE-7415-4304-BCC7-BD6A33C5607C}"
	ProjectSection(SolutionItems) = preProject
		tools\gdrive-windows-x64.exe = tools\gdrive-windows-x64.exe
		tools\package.bat = tools\package.bat
		tools\package.old.bat = tools\package.old.bat
		tools\select images.bat = tools\select images.bat
		tools\shortcut.vbs = tools\shortcut.vbs
		tools\sign images.bat = tools\sign images.bat
	EndProjectSection
EndProject
Project("{FAE04EC0-301F-11D3-BF4B-00C04F79EFBC}") = "Mtgdb.Util.Test", "Test\Mtgdb.Util.Test\Mtgdb.Util.Test.csproj", "{71505A79-B810-4C19-9DC4-C880F23E2A16}"
EndProject
Project("{FAE04EC0-301F-11D3-BF4B-00C04F79EFBC}") = "Mtgdb.Test.Core", "Test\Mtgdb.Test.Core\Mtgdb.Test.Core.csproj", "{DD429228-A094-4617-BF08-57FE1EF44A96}"
EndProject
Project("{D954291E-2A0B-460D-934E-DC6B0785DB48}") = "out", "out\out.shproj", "{31A12ADC-2D40-4484-9165-44B5567DF191}"
EndProject
Global
	GlobalSection(SharedMSBuildProjectFiles) = preSolution
		out\out.projitems*{31a12adc-2d40-4484-9165-44b5567df191}*SharedItemsImports = 13
	EndGlobalSection
	GlobalSection(SolutionConfigurationPlatforms) = preSolution
		Debug|Any CPU = Debug|Any CPU
		Release|Any CPU = Release|Any CPU
	EndGlobalSection
	GlobalSection(ProjectConfigurationPlatforms) = postSolution
		{4E1F0D65-B2B4-44DE-B2A7-F9F36521E475}.Debug|Any CPU.ActiveCfg = Debug|Any CPU
		{4E1F0D65-B2B4-44DE-B2A7-F9F36521E475}.Debug|Any CPU.Build.0 = Debug|Any CPU
		{4E1F0D65-B2B4-44DE-B2A7-F9F36521E475}.Release|Any CPU.ActiveCfg = Release|Any CPU
		{4E1F0D65-B2B4-44DE-B2A7-F9F36521E475}.Release|Any CPU.Build.0 = Release|Any CPU
		{C23E2DE4-5C35-4205-99B5-55A0CE80CCBE}.Debug|Any CPU.ActiveCfg = Debug|Any CPU
		{C23E2DE4-5C35-4205-99B5-55A0CE80CCBE}.Debug|Any CPU.Build.0 = Debug|Any CPU
		{C23E2DE4-5C35-4205-99B5-55A0CE80CCBE}.Release|Any CPU.ActiveCfg = Release|Any CPU
		{C23E2DE4-5C35-4205-99B5-55A0CE80CCBE}.Release|Any CPU.Build.0 = Release|Any CPU
		{97545C6D-ACD6-4A2C-84DD-CD91293CFBB6}.Debug|Any CPU.ActiveCfg = Debug|Any CPU
		{97545C6D-ACD6-4A2C-84DD-CD91293CFBB6}.Debug|Any CPU.Build.0 = Debug|Any CPU
		{97545C6D-ACD6-4A2C-84DD-CD91293CFBB6}.Release|Any CPU.ActiveCfg = Release|Any CPU
		{97545C6D-ACD6-4A2C-84DD-CD91293CFBB6}.Release|Any CPU.Build.0 = Release|Any CPU
		{3229CA82-875D-4154-92B7-2F7C47678010}.Debug|Any CPU.ActiveCfg = Debug|Any CPU
		{3229CA82-875D-4154-92B7-2F7C47678010}.Debug|Any CPU.Build.0 = Debug|Any CPU
		{3229CA82-875D-4154-92B7-2F7C47678010}.Release|Any CPU.ActiveCfg = Release|Any CPU
		{3229CA82-875D-4154-92B7-2F7C47678010}.Release|Any CPU.Build.0 = Release|Any CPU
		{56661DAD-10A7-41EF-8672-F417F15923CB}.Debug|Any CPU.ActiveCfg = Debug|Any CPU
		{56661DAD-10A7-41EF-8672-F417F15923CB}.Debug|Any CPU.Build.0 = Debug|Any CPU
		{56661DAD-10A7-41EF-8672-F417F15923CB}.Release|Any CPU.ActiveCfg = Release|Any CPU
		{56661DAD-10A7-41EF-8672-F417F15923CB}.Release|Any CPU.Build.0 = Release|Any CPU
		{4FE226AC-EC61-451F-A602-C79DA136CE25}.Debug|Any CPU.ActiveCfg = Debug|Any CPU
		{4FE226AC-EC61-451F-A602-C79DA136CE25}.Debug|Any CPU.Build.0 = Debug|Any CPU
		{4FE226AC-EC61-451F-A602-C79DA136CE25}.Release|Any CPU.ActiveCfg = Release|Any CPU
		{4FE226AC-EC61-451F-A602-C79DA136CE25}.Release|Any CPU.Build.0 = Release|Any CPU
		{482239D1-673C-4181-A2DD-F9E5B1A2FD9B}.Debug|Any CPU.ActiveCfg = Debug|Any CPU
		{482239D1-673C-4181-A2DD-F9E5B1A2FD9B}.Debug|Any CPU.Build.0 = Debug|Any CPU
		{482239D1-673C-4181-A2DD-F9E5B1A2FD9B}.Release|Any CPU.ActiveCfg = Release|Any CPU
		{482239D1-673C-4181-A2DD-F9E5B1A2FD9B}.Release|Any CPU.Build.0 = Release|Any CPU
		{E6DC781A-1E0F-481B-AAA9-3585FBD0FFDE}.Debug|Any CPU.ActiveCfg = Debug|Any CPU
		{E6DC781A-1E0F-481B-AAA9-3585FBD0FFDE}.Debug|Any CPU.Build.0 = Debug|Any CPU
		{E6DC781A-1E0F-481B-AAA9-3585FBD0FFDE}.Release|Any CPU.ActiveCfg = Release|Any CPU
		{E6DC781A-1E0F-481B-AAA9-3585FBD0FFDE}.Release|Any CPU.Build.0 = Release|Any CPU
		{71505A79-B810-4C19-9DC4-C880F23E2A16}.Debug|Any CPU.ActiveCfg = Debug|Any CPU
		{71505A79-B810-4C19-9DC4-C880F23E2A16}.Debug|Any CPU.Build.0 = Debug|Any CPU
		{71505A79-B810-4C19-9DC4-C880F23E2A16}.Release|Any CPU.ActiveCfg = Release|Any CPU
		{71505A79-B810-4C19-9DC4-C880F23E2A16}.Release|Any CPU.Build.0 = Release|Any CPU
		{DD429228-A094-4617-BF08-57FE1EF44A96}.Debug|Any CPU.ActiveCfg = Debug|Any CPU
		{DD429228-A094-4617-BF08-57FE1EF44A96}.Debug|Any CPU.Build.0 = Debug|Any CPU
		{DD429228-A094-4617-BF08-57FE1EF44A96}.Release|Any CPU.ActiveCfg = Release|Any CPU
		{DD429228-A094-4617-BF08-57FE1EF44A96}.Release|Any CPU.Build.0 = Release|Any CPU
	EndGlobalSection
	GlobalSection(SolutionProperties) = preSolution
		HideSolutionNode = FALSE
	EndGlobalSection
	GlobalSection(NestedProjects) = preSolution
		{C23E2DE4-5C35-4205-99B5-55A0CE80CCBE} = {106FC38B-1268-47D8-A527-E4376709F683}
		{482239D1-673C-4181-A2DD-F9E5B1A2FD9B} = {0DE878BB-4070-4139-978A-883AC52E882F}
		{71505A79-B810-4C19-9DC4-C880F23E2A16} = {106FC38B-1268-47D8-A527-E4376709F683}
		{DD429228-A094-4617-BF08-57FE1EF44A96} = {106FC38B-1268-47D8-A527-E4376709F683}
	EndGlobalSection
	GlobalSection(ExtensibilityGlobals) = postSolution
		SolutionGuid = {B8DBE440-37DD-45E8-AFE7-4C0B1B4C2336}
	EndGlobalSection
EndGlobal
