
Microsoft Visual Studio Solution File, Format Version 12.00
# Visual Studio 14
VisualStudioVersion = 14.0.25420.1
MinimumVisualStudioVersion = 10.0.40219.1
Project("{FAE04EC0-301F-11D3-BF4B-00C04F79EFBC}") = "Mtgdb.Dal", "Mtgdb.Dal\Mtgdb.Dal.csproj", "{4E1F0D65-B2B4-44DE-B2A7-F9F36521E475}"
EndProject
Project("{FAE04EC0-301F-11D3-BF4B-00C04F79EFBC}") = "Mtgdb.Test", "Test\Mtgdb.Test\Mtgdb.Test.csproj", "{C23E2DE4-5C35-4205-99B5-55A0CE80CCBE}"
EndProject
Project("{FAE04EC0-301F-11D3-BF4B-00C04F79EFBC}") = "Mtgdb.Gui", "Mtgdb.Gui\Mtgdb.Gui.csproj", "{97545C6D-ACD6-4A2C-84DD-CD91293CFBB6}"
EndProject
Project("{FAE04EC0-301F-11D3-BF4B-00C04F79EFBC}") = "Mtgdb.Downloader", "Mtgdb.Downloader\Mtgdb.Downloader.csproj", "{3229CA82-875D-4154-92B7-2F7C47678010}"
EndProject
Project("{FAE04EC0-301F-11D3-BF4B-00C04F79EFBC}") = "Mtgdb.Util", "Mtgdb.Util\Mtgdb.Util.csproj", "{56661DAD-10A7-41EF-8672-F417F15923CB}"
EndProject
Project("{2150E333-8FDC-42A3-9474-1A3956D46DE8}") = "Test", "Test", "{106FC38B-1268-47D8-A527-E4376709F683}"
EndProject
Project("{D954291E-2A0B-460D-934E-DC6B0785DB48}") = "output", "output\output.shproj", "{3D9F2D28-B04F-4B23-A671-CE8B6EC439F7}"
EndProject
Project("{FAE04EC0-301F-11D3-BF4B-00C04F79EFBC}") = "Mtgdb.Core", "Mtgdb.Core\Mtgdb.Core.csproj", "{4FE226AC-EC61-451F-A602-C79DA136CE25}"
EndProject
Project("{FAE04EC0-301F-11D3-BF4B-00C04F79EFBC}") = "NConfiguration", "Subrepo\NConfiguration\NConfiguration\NConfiguration.csproj", "{0FB12DA2-A8BD-4BF7-8507-9ECA5771FD3B}"
EndProject
Project("{2150E333-8FDC-42A3-9474-1A3956D46DE8}") = "[ version ]", "[ version ]", "{867E0502-F667-4D1E-A5F8-7B7D33D53FE6}"
	ProjectSection(SolutionItems) = preProject
		backlog.txt = backlog.txt
		etc\Mtgdb.Gui.xml = etc\Mtgdb.Gui.xml
		SolutionInfo.cs = SolutionInfo.cs
	EndProjectSection
EndProject
Project("{FAE04EC0-301F-11D3-BF4B-00C04F79EFBC}") = "Contrib.SpellChecker", "SpellChecker\Contrib.SpellChecker.csproj", "{FF45EE91-9CA3-443D-8231-75E9FA1AF40E}"
EndProject
Project("{FAE04EC0-301F-11D3-BF4B-00C04F79EFBC}") = "EditedTokenLocator", "Subrepo\Lucene.Net.Contrib\EditedTokenLocator\EditedTokenLocator.csproj", "{482239D1-673C-4181-A2DD-F9E5B1A2FD9B}"
EndProject
Project("{2150E333-8FDC-42A3-9474-1A3956D46DE8}") = "Lucene.Net.Contrib", "Lucene.Net.Contrib", "{0DE878BB-4070-4139-978A-883AC52E882F}"
EndProject
Project("{FAE04EC0-301F-11D3-BF4B-00C04F79EFBC}") = "Mtgdb.Controls", "Mtgdb.Controls\Mtgdb.Controls.csproj", "{E6DC781A-1E0F-481B-AAA9-3585FBD0FFDE}"
EndProject
Global
	GlobalSection(SolutionConfigurationPlatforms) = preSolution
		Debug|Any CPU = Debug|Any CPU
		Debug|x64 = Debug|x64
		Release|Any CPU = Release|Any CPU
		Release|x64 = Release|x64
	EndGlobalSection
	GlobalSection(ProjectConfigurationPlatforms) = postSolution
		{4E1F0D65-B2B4-44DE-B2A7-F9F36521E475}.Debug|Any CPU.ActiveCfg = Debug|Any CPU
		{4E1F0D65-B2B4-44DE-B2A7-F9F36521E475}.Debug|Any CPU.Build.0 = Debug|Any CPU
		{4E1F0D65-B2B4-44DE-B2A7-F9F36521E475}.Debug|x64.ActiveCfg = Debug|Any CPU
		{4E1F0D65-B2B4-44DE-B2A7-F9F36521E475}.Debug|x64.Build.0 = Debug|Any CPU
		{4E1F0D65-B2B4-44DE-B2A7-F9F36521E475}.Release|Any CPU.ActiveCfg = Release|Any CPU
		{4E1F0D65-B2B4-44DE-B2A7-F9F36521E475}.Release|Any CPU.Build.0 = Release|Any CPU
		{4E1F0D65-B2B4-44DE-B2A7-F9F36521E475}.Release|x64.ActiveCfg = Release|Any CPU
		{4E1F0D65-B2B4-44DE-B2A7-F9F36521E475}.Release|x64.Build.0 = Release|Any CPU
		{C23E2DE4-5C35-4205-99B5-55A0CE80CCBE}.Debug|Any CPU.ActiveCfg = Debug|Any CPU
		{C23E2DE4-5C35-4205-99B5-55A0CE80CCBE}.Debug|Any CPU.Build.0 = Debug|Any CPU
		{C23E2DE4-5C35-4205-99B5-55A0CE80CCBE}.Debug|x64.ActiveCfg = Debug|Any CPU
		{C23E2DE4-5C35-4205-99B5-55A0CE80CCBE}.Debug|x64.Build.0 = Debug|Any CPU
		{C23E2DE4-5C35-4205-99B5-55A0CE80CCBE}.Release|Any CPU.ActiveCfg = Release|Any CPU
		{C23E2DE4-5C35-4205-99B5-55A0CE80CCBE}.Release|Any CPU.Build.0 = Release|Any CPU
		{C23E2DE4-5C35-4205-99B5-55A0CE80CCBE}.Release|x64.ActiveCfg = Release|Any CPU
		{C23E2DE4-5C35-4205-99B5-55A0CE80CCBE}.Release|x64.Build.0 = Release|Any CPU
		{97545C6D-ACD6-4A2C-84DD-CD91293CFBB6}.Debug|Any CPU.ActiveCfg = Debug|Any CPU
		{97545C6D-ACD6-4A2C-84DD-CD91293CFBB6}.Debug|Any CPU.Build.0 = Debug|Any CPU
		{97545C6D-ACD6-4A2C-84DD-CD91293CFBB6}.Debug|x64.ActiveCfg = Debug|Any CPU
		{97545C6D-ACD6-4A2C-84DD-CD91293CFBB6}.Debug|x64.Build.0 = Debug|Any CPU
		{97545C6D-ACD6-4A2C-84DD-CD91293CFBB6}.Release|Any CPU.ActiveCfg = Release|Any CPU
		{97545C6D-ACD6-4A2C-84DD-CD91293CFBB6}.Release|Any CPU.Build.0 = Release|Any CPU
		{97545C6D-ACD6-4A2C-84DD-CD91293CFBB6}.Release|x64.ActiveCfg = Release|Any CPU
		{97545C6D-ACD6-4A2C-84DD-CD91293CFBB6}.Release|x64.Build.0 = Release|Any CPU
		{3229CA82-875D-4154-92B7-2F7C47678010}.Debug|Any CPU.ActiveCfg = Debug|Any CPU
		{3229CA82-875D-4154-92B7-2F7C47678010}.Debug|Any CPU.Build.0 = Debug|Any CPU
		{3229CA82-875D-4154-92B7-2F7C47678010}.Debug|x64.ActiveCfg = Debug|Any CPU
		{3229CA82-875D-4154-92B7-2F7C47678010}.Debug|x64.Build.0 = Debug|Any CPU
		{3229CA82-875D-4154-92B7-2F7C47678010}.Release|Any CPU.ActiveCfg = Release|Any CPU
		{3229CA82-875D-4154-92B7-2F7C47678010}.Release|Any CPU.Build.0 = Release|Any CPU
		{3229CA82-875D-4154-92B7-2F7C47678010}.Release|x64.ActiveCfg = Release|Any CPU
		{3229CA82-875D-4154-92B7-2F7C47678010}.Release|x64.Build.0 = Release|Any CPU
		{56661DAD-10A7-41EF-8672-F417F15923CB}.Debug|Any CPU.ActiveCfg = Debug|Any CPU
		{56661DAD-10A7-41EF-8672-F417F15923CB}.Debug|Any CPU.Build.0 = Debug|Any CPU
		{56661DAD-10A7-41EF-8672-F417F15923CB}.Debug|x64.ActiveCfg = Debug|Any CPU
		{56661DAD-10A7-41EF-8672-F417F15923CB}.Debug|x64.Build.0 = Debug|Any CPU
		{56661DAD-10A7-41EF-8672-F417F15923CB}.Release|Any CPU.ActiveCfg = Release|Any CPU
		{56661DAD-10A7-41EF-8672-F417F15923CB}.Release|Any CPU.Build.0 = Release|Any CPU
		{56661DAD-10A7-41EF-8672-F417F15923CB}.Release|x64.ActiveCfg = Release|Any CPU
		{56661DAD-10A7-41EF-8672-F417F15923CB}.Release|x64.Build.0 = Release|Any CPU
		{4FE226AC-EC61-451F-A602-C79DA136CE25}.Debug|Any CPU.ActiveCfg = Debug|Any CPU
		{4FE226AC-EC61-451F-A602-C79DA136CE25}.Debug|Any CPU.Build.0 = Debug|Any CPU
		{4FE226AC-EC61-451F-A602-C79DA136CE25}.Debug|x64.ActiveCfg = Debug|Any CPU
		{4FE226AC-EC61-451F-A602-C79DA136CE25}.Debug|x64.Build.0 = Debug|Any CPU
		{4FE226AC-EC61-451F-A602-C79DA136CE25}.Release|Any CPU.ActiveCfg = Release|Any CPU
		{4FE226AC-EC61-451F-A602-C79DA136CE25}.Release|Any CPU.Build.0 = Release|Any CPU
		{4FE226AC-EC61-451F-A602-C79DA136CE25}.Release|x64.ActiveCfg = Release|Any CPU
		{4FE226AC-EC61-451F-A602-C79DA136CE25}.Release|x64.Build.0 = Release|Any CPU
		{0FB12DA2-A8BD-4BF7-8507-9ECA5771FD3B}.Debug|Any CPU.ActiveCfg = Debug|Any CPU
		{0FB12DA2-A8BD-4BF7-8507-9ECA5771FD3B}.Debug|Any CPU.Build.0 = Debug|Any CPU
		{0FB12DA2-A8BD-4BF7-8507-9ECA5771FD3B}.Debug|x64.ActiveCfg = Debug|Any CPU
		{0FB12DA2-A8BD-4BF7-8507-9ECA5771FD3B}.Debug|x64.Build.0 = Debug|Any CPU
		{0FB12DA2-A8BD-4BF7-8507-9ECA5771FD3B}.Release|Any CPU.ActiveCfg = Release|Any CPU
		{0FB12DA2-A8BD-4BF7-8507-9ECA5771FD3B}.Release|Any CPU.Build.0 = Release|Any CPU
		{0FB12DA2-A8BD-4BF7-8507-9ECA5771FD3B}.Release|x64.ActiveCfg = Release|Any CPU
		{0FB12DA2-A8BD-4BF7-8507-9ECA5771FD3B}.Release|x64.Build.0 = Release|Any CPU
		{FF45EE91-9CA3-443D-8231-75E9FA1AF40E}.Debug|Any CPU.ActiveCfg = Debug|Any CPU
		{FF45EE91-9CA3-443D-8231-75E9FA1AF40E}.Debug|Any CPU.Build.0 = Debug|Any CPU
		{FF45EE91-9CA3-443D-8231-75E9FA1AF40E}.Debug|x64.ActiveCfg = Debug|Any CPU
		{FF45EE91-9CA3-443D-8231-75E9FA1AF40E}.Debug|x64.Build.0 = Debug|Any CPU
		{FF45EE91-9CA3-443D-8231-75E9FA1AF40E}.Release|Any CPU.ActiveCfg = Release|Any CPU
		{FF45EE91-9CA3-443D-8231-75E9FA1AF40E}.Release|Any CPU.Build.0 = Release|Any CPU
		{FF45EE91-9CA3-443D-8231-75E9FA1AF40E}.Release|x64.ActiveCfg = Release|Any CPU
		{FF45EE91-9CA3-443D-8231-75E9FA1AF40E}.Release|x64.Build.0 = Release|Any CPU
		{482239D1-673C-4181-A2DD-F9E5B1A2FD9B}.Debug|Any CPU.ActiveCfg = Debug|Any CPU
		{482239D1-673C-4181-A2DD-F9E5B1A2FD9B}.Debug|Any CPU.Build.0 = Debug|Any CPU
		{482239D1-673C-4181-A2DD-F9E5B1A2FD9B}.Debug|x64.ActiveCfg = Debug|Any CPU
		{482239D1-673C-4181-A2DD-F9E5B1A2FD9B}.Debug|x64.Build.0 = Debug|Any CPU
		{482239D1-673C-4181-A2DD-F9E5B1A2FD9B}.Release|Any CPU.ActiveCfg = Release|Any CPU
		{482239D1-673C-4181-A2DD-F9E5B1A2FD9B}.Release|Any CPU.Build.0 = Release|Any CPU
		{482239D1-673C-4181-A2DD-F9E5B1A2FD9B}.Release|x64.ActiveCfg = Release|Any CPU
		{482239D1-673C-4181-A2DD-F9E5B1A2FD9B}.Release|x64.Build.0 = Release|Any CPU
		{E6DC781A-1E0F-481B-AAA9-3585FBD0FFDE}.Debug|Any CPU.ActiveCfg = Debug|Any CPU
		{E6DC781A-1E0F-481B-AAA9-3585FBD0FFDE}.Debug|Any CPU.Build.0 = Debug|Any CPU
		{E6DC781A-1E0F-481B-AAA9-3585FBD0FFDE}.Debug|x64.ActiveCfg = Debug|Any CPU
		{E6DC781A-1E0F-481B-AAA9-3585FBD0FFDE}.Debug|x64.Build.0 = Debug|Any CPU
		{E6DC781A-1E0F-481B-AAA9-3585FBD0FFDE}.Release|Any CPU.ActiveCfg = Release|Any CPU
		{E6DC781A-1E0F-481B-AAA9-3585FBD0FFDE}.Release|Any CPU.Build.0 = Release|Any CPU
		{E6DC781A-1E0F-481B-AAA9-3585FBD0FFDE}.Release|x64.ActiveCfg = Release|Any CPU
		{E6DC781A-1E0F-481B-AAA9-3585FBD0FFDE}.Release|x64.Build.0 = Release|Any CPU
	EndGlobalSection
	GlobalSection(SolutionProperties) = preSolution
		HideSolutionNode = FALSE
	EndGlobalSection
	GlobalSection(NestedProjects) = preSolution
		{C23E2DE4-5C35-4205-99B5-55A0CE80CCBE} = {106FC38B-1268-47D8-A527-E4376709F683}
		{482239D1-673C-4181-A2DD-F9E5B1A2FD9B} = {0DE878BB-4070-4139-978A-883AC52E882F}
	EndGlobalSection
EndGlobal
