
Microsoft Visual Studio Solution File, Format Version 12.00
# Visual Studio 15
VisualStudioVersion = 15.0.27130.2036
MinimumVisualStudioVersion = 10.0.40219.1
Project("{FAE04EC0-301F-11D3-BF4B-00C04F79EFBC}") = "Mtgdb.Dal", "Mtgdb.Dal\Mtgdb.Dal.csproj", "{4E1F0D65-B2B4-44DE-B2A7-F9F36521E475}"
EndProject
Project("{FAE04EC0-301F-11D3-BF4B-00C04F79EFBC}") = "Mtgdb.Test", "Test\Mtgdb.Test\Mtgdb.Test.csproj", "{C23E2DE4-5C35-4205-99B5-55A0CE80CCBE}"
EndProject
Project("{FAE04EC0-301F-11D3-BF4B-00C04F79EFBC}") = "Mtgdb.Gui", "Mtgdb.Gui\Mtgdb.Gui.csproj", "{97545C6D-ACD6-4A2C-84DD-CD91293CFBB6}"
EndProject
Project("{FAE04EC0-301F-11D3-BF4B-00C04F79EFBC}") = "Mtgdb.Downloader", "Mtgdb.Downloader\Mtgdb.Downloader.csproj", "{3229CA82-875D-4154-92B7-2F7C47678010}"
EndProject
Project("{2150E333-8FDC-42A3-9474-1A3956D46DE8}") = "Test", "Test", "{106FC38B-1268-47D8-A527-E4376709F683}"
EndProject
Project("{FAE04EC0-301F-11D3-BF4B-00C04F79EFBC}") = "Mtgdb.Core", "Mtgdb.Core\Mtgdb.Core.csproj", "{4FE226AC-EC61-451F-A602-C79DA136CE25}"
EndProject
Project("{2150E333-8FDC-42A3-9474-1A3956D46DE8}") = "[ root ]", "[ root ]", "{867E0502-F667-4D1E-A5F8-7B7D33D53FE6}"
	ProjectSection(SolutionItems) = preProject
		ISSUE_TEMPLATE.md = ISSUE_TEMPLATE.md
		LICENSE = LICENSE
		etc\Mtgdb.Gui.xml = etc\Mtgdb.Gui.xml
		new-set-checklist.md = new-set-checklist.md
		README.md = README.md
		shared\SolutionInfo.cs = shared\SolutionInfo.cs
		mass-import-gdrive-links.md = mass-import-gdrive-links.md
	EndProjectSection
EndProject
Project("{FAE04EC0-301F-11D3-BF4B-00C04F79EFBC}") = "EditedTokenLocator", "Subrepo\Lucene.Net.Contrib\EditedTokenLocator\EditedTokenLocator.csproj", "{482239D1-673C-4181-A2DD-F9E5B1A2FD9B}"
EndProject
Project("{FAE04EC0-301F-11D3-BF4B-00C04F79EFBC}") = "Mtgdb.Core.Controls", "Mtgdb.Core.Controls\Mtgdb.Core.Controls.csproj", "{E6DC781A-1E0F-481B-AAA9-3585FBD0FFDE}"
EndProject
Project("{FAE04EC0-301F-11D3-BF4B-00C04F79EFBC}") = "Mtgdb.Util.Test", "Test\Mtgdb.Util.Test\Mtgdb.Util.Test.csproj", "{71505A79-B810-4C19-9DC4-C880F23E2A16}"
EndProject
Project("{FAE04EC0-301F-11D3-BF4B-00C04F79EFBC}") = "Mtgdb.Test.Core", "Test\Mtgdb.Test.Core\Mtgdb.Test.Core.csproj", "{DD429228-A094-4617-BF08-57FE1EF44A96}"
EndProject
Project("{D954291E-2A0B-460D-934E-DC6B0785DB48}") = "shared", "shared\shared.shproj", "{C2763956-008B-4E6B-8AC7-B634D8741C3B}"
EndProject
Project("{D954291E-2A0B-460D-934E-DC6B0785DB48}") = "out", "out\out.shproj", "{37029487-6A56-4FA3-AA23-B2E46D5AA1B0}"
EndProject
Project("{D954291E-2A0B-460D-934E-DC6B0785DB48}") = "tools", "tools\tools.shproj", "{B1C7F4D9-46BA-4D18-92A0-2E8214973929}"
EndProject
Project("{FAE04EC0-301F-11D3-BF4B-00C04F79EFBC}") = "ScaleUtil", "Test\ScaleUtil\ScaleUtil.csproj", "{75A32A3C-3D56-412A-BA31-ABD33ABDD054}"
EndProject
Project("{FAE04EC0-301F-11D3-BF4B-00C04F79EFBC}") = "Mtgdb.Core.Bitmaps", "Mtgdb.Core.Bitmaps\Mtgdb.Core.Bitmaps.csproj", "{24C593F8-E50B-4765-AEA9-B152C68EBDBC}"
EndProject
Project("{FAE04EC0-301F-11D3-BF4B-00C04F79EFBC}") = "Mtgdb.Core.Utils", "Mtgdb.Core.Utils\Mtgdb.Core.Utils.csproj", "{1B2FEA9B-3D4B-430F-A7D2-8CFE47820238}"
EndProject
Project("{FAE04EC0-301F-11D3-BF4B-00C04F79EFBC}") = "Mtgdb.Core.Localization", "Mtgdb.Core.Localization\Mtgdb.Core.Localization.csproj", "{10ABCE2D-9376-4F1E-B316-A8CC9805FAD1}"
EndProject
Project("{FAE04EC0-301F-11D3-BF4B-00C04F79EFBC}") = "Mtgdb.Controls.DeckList", "Mtgdb.Controls.DeckList\Mtgdb.Controls.DeckList.csproj", "{6FAC0808-416A-4605-A1E7-042F7A270BB3}"
EndProject
Project("{FAE04EC0-301F-11D3-BF4B-00C04F79EFBC}") = "Mtgdb.Core.Index", "Mtgdb.Core.Index\Mtgdb.Core.Index.csproj", "{C6C3C03B-B8BD-4208-B2DA-727536B5CDA1}"
EndProject
Project("{FAE04EC0-301F-11D3-BF4B-00C04F79EFBC}") = "Mtgdb.Ui", "Mtgdb.Ui\Mtgdb.Ui.csproj", "{65731F8B-3FD8-4893-B35F-371F69C9734D}"
EndProject
Project("{2150E333-8FDC-42A3-9474-1A3956D46DE8}") = "Util", "Util", "{9DCD61F8-1E1A-4650-BB23-35F646C6ACEB}"
EndProject
Project("{FAE04EC0-301F-11D3-BF4B-00C04F79EFBC}") = "DrawingEx", "Subrepo\DrawingEx\DrawingEx.csproj", "{A6441560-3CC8-4AC3-AE4A-D092B424719F}"
EndProject
Project("{FAE04EC0-301F-11D3-BF4B-00C04F79EFBC}") = "CustomScrollbar", "Subrepo\CustomScrollbar\CustomScrollbar.csproj", "{5B85E2D7-2005-4496-B5D7-59C68A1EC91D}"
EndProject
Project("{FAE04EC0-301F-11D3-BF4B-00C04F79EFBC}") = "Mtgdb.Util", "Mtgdb.Util\Mtgdb.Util.csproj", "{E1349E1C-77A7-4FC3-BDA8-735CD5CB2735}"
EndProject
Global
	GlobalSection(SharedMSBuildProjectFiles) = preSolution
		out\out.projitems*{37029487-6a56-4fa3-aa23-b2e46d5aa1b0}*SharedItemsImports = 13
		shared\shared.projitems*{4fe226ac-ec61-451f-a602-c79da136ce25}*SharedItemsImports = 4
		shared\shared.projitems*{97545c6d-acd6-4a2c-84dd-cd91293cfbb6}*SharedItemsImports = 4
		tools\tools.projitems*{b1c7f4d9-46ba-4d18-92a0-2e8214973929}*SharedItemsImports = 13
		shared\shared.projitems*{c2763956-008b-4e6b-8ac7-b634d8741c3b}*SharedItemsImports = 13
		shared\shared.projitems*{e1349e1c-77a7-4fc3-bda8-735cd5cb2735}*SharedItemsImports = 4
	EndGlobalSection
	GlobalSection(SolutionConfigurationPlatforms) = preSolution
		Debug|Any CPU = Debug|Any CPU
		Release|Any CPU = Release|Any CPU
	EndGlobalSection
	GlobalSection(ProjectConfigurationPlatforms) = postSolution
		{4E1F0D65-B2B4-44DE-B2A7-F9F36521E475}.Debug|Any CPU.ActiveCfg = Debug|Any CPU
		{4E1F0D65-B2B4-44DE-B2A7-F9F36521E475}.Debug|Any CPU.Build.0 = Debug|Any CPU
		{4E1F0D65-B2B4-44DE-B2A7-F9F36521E475}.Release|Any CPU.ActiveCfg = Release|Any CPU
		{4E1F0D65-B2B4-44DE-B2A7-F9F36521E475}.Release|Any CPU.Build.0 = Release|Any CPU
		{C23E2DE4-5C35-4205-99B5-55A0CE80CCBE}.Debug|Any CPU.ActiveCfg = Debug|Any CPU
		{C23E2DE4-5C35-4205-99B5-55A0CE80CCBE}.Debug|Any CPU.Build.0 = Debug|Any CPU
		{C23E2DE4-5C35-4205-99B5-55A0CE80CCBE}.Release|Any CPU.ActiveCfg = Release|Any CPU
		{C23E2DE4-5C35-4205-99B5-55A0CE80CCBE}.Release|Any CPU.Build.0 = Release|Any CPU
		{97545C6D-ACD6-4A2C-84DD-CD91293CFBB6}.Debug|Any CPU.ActiveCfg = Debug|Any CPU
		{97545C6D-ACD6-4A2C-84DD-CD91293CFBB6}.Debug|Any CPU.Build.0 = Debug|Any CPU
		{97545C6D-ACD6-4A2C-84DD-CD91293CFBB6}.Release|Any CPU.ActiveCfg = Release|Any CPU
		{97545C6D-ACD6-4A2C-84DD-CD91293CFBB6}.Release|Any CPU.Build.0 = Release|Any CPU
		{3229CA82-875D-4154-92B7-2F7C47678010}.Debug|Any CPU.ActiveCfg = Debug|Any CPU
		{3229CA82-875D-4154-92B7-2F7C47678010}.Debug|Any CPU.Build.0 = Debug|Any CPU
		{3229CA82-875D-4154-92B7-2F7C47678010}.Release|Any CPU.ActiveCfg = Release|Any CPU
		{3229CA82-875D-4154-92B7-2F7C47678010}.Release|Any CPU.Build.0 = Release|Any CPU
		{4FE226AC-EC61-451F-A602-C79DA136CE25}.Debug|Any CPU.ActiveCfg = Debug|Any CPU
		{4FE226AC-EC61-451F-A602-C79DA136CE25}.Debug|Any CPU.Build.0 = Debug|Any CPU
		{4FE226AC-EC61-451F-A602-C79DA136CE25}.Release|Any CPU.ActiveCfg = Release|Any CPU
		{4FE226AC-EC61-451F-A602-C79DA136CE25}.Release|Any CPU.Build.0 = Release|Any CPU
		{482239D1-673C-4181-A2DD-F9E5B1A2FD9B}.Debug|Any CPU.ActiveCfg = Debug|Any CPU
		{482239D1-673C-4181-A2DD-F9E5B1A2FD9B}.Debug|Any CPU.Build.0 = Debug|Any CPU
		{482239D1-673C-4181-A2DD-F9E5B1A2FD9B}.Release|Any CPU.ActiveCfg = Release|Any CPU
		{482239D1-673C-4181-A2DD-F9E5B1A2FD9B}.Release|Any CPU.Build.0 = Release|Any CPU
		{E6DC781A-1E0F-481B-AAA9-3585FBD0FFDE}.Debug|Any CPU.ActiveCfg = Debug|Any CPU
		{E6DC781A-1E0F-481B-AAA9-3585FBD0FFDE}.Debug|Any CPU.Build.0 = Debug|Any CPU
		{E6DC781A-1E0F-481B-AAA9-3585FBD0FFDE}.Release|Any CPU.ActiveCfg = Release|Any CPU
		{E6DC781A-1E0F-481B-AAA9-3585FBD0FFDE}.Release|Any CPU.Build.0 = Release|Any CPU
		{71505A79-B810-4C19-9DC4-C880F23E2A16}.Debug|Any CPU.ActiveCfg = Debug|Any CPU
		{71505A79-B810-4C19-9DC4-C880F23E2A16}.Debug|Any CPU.Build.0 = Debug|Any CPU
		{71505A79-B810-4C19-9DC4-C880F23E2A16}.Release|Any CPU.ActiveCfg = Release|Any CPU
		{71505A79-B810-4C19-9DC4-C880F23E2A16}.Release|Any CPU.Build.0 = Release|Any CPU
		{DD429228-A094-4617-BF08-57FE1EF44A96}.Debug|Any CPU.ActiveCfg = Debug|Any CPU
		{DD429228-A094-4617-BF08-57FE1EF44A96}.Debug|Any CPU.Build.0 = Debug|Any CPU
		{DD429228-A094-4617-BF08-57FE1EF44A96}.Release|Any CPU.ActiveCfg = Release|Any CPU
		{DD429228-A094-4617-BF08-57FE1EF44A96}.Release|Any CPU.Build.0 = Release|Any CPU
		{75A32A3C-3D56-412A-BA31-ABD33ABDD054}.Debug|Any CPU.ActiveCfg = Debug|Any CPU
		{75A32A3C-3D56-412A-BA31-ABD33ABDD054}.Debug|Any CPU.Build.0 = Debug|Any CPU
		{75A32A3C-3D56-412A-BA31-ABD33ABDD054}.Release|Any CPU.ActiveCfg = Release|Any CPU
		{75A32A3C-3D56-412A-BA31-ABD33ABDD054}.Release|Any CPU.Build.0 = Release|Any CPU
		{24C593F8-E50B-4765-AEA9-B152C68EBDBC}.Debug|Any CPU.ActiveCfg = Debug|Any CPU
		{24C593F8-E50B-4765-AEA9-B152C68EBDBC}.Debug|Any CPU.Build.0 = Debug|Any CPU
		{24C593F8-E50B-4765-AEA9-B152C68EBDBC}.Release|Any CPU.ActiveCfg = Release|Any CPU
		{24C593F8-E50B-4765-AEA9-B152C68EBDBC}.Release|Any CPU.Build.0 = Release|Any CPU
		{1B2FEA9B-3D4B-430F-A7D2-8CFE47820238}.Debug|Any CPU.ActiveCfg = Debug|Any CPU
		{1B2FEA9B-3D4B-430F-A7D2-8CFE47820238}.Debug|Any CPU.Build.0 = Debug|Any CPU
		{1B2FEA9B-3D4B-430F-A7D2-8CFE47820238}.Release|Any CPU.ActiveCfg = Release|Any CPU
		{1B2FEA9B-3D4B-430F-A7D2-8CFE47820238}.Release|Any CPU.Build.0 = Release|Any CPU
		{10ABCE2D-9376-4F1E-B316-A8CC9805FAD1}.Debug|Any CPU.ActiveCfg = Debug|Any CPU
		{10ABCE2D-9376-4F1E-B316-A8CC9805FAD1}.Debug|Any CPU.Build.0 = Debug|Any CPU
		{10ABCE2D-9376-4F1E-B316-A8CC9805FAD1}.Release|Any CPU.ActiveCfg = Release|Any CPU
		{10ABCE2D-9376-4F1E-B316-A8CC9805FAD1}.Release|Any CPU.Build.0 = Release|Any CPU
		{6FAC0808-416A-4605-A1E7-042F7A270BB3}.Debug|Any CPU.ActiveCfg = Debug|Any CPU
		{6FAC0808-416A-4605-A1E7-042F7A270BB3}.Debug|Any CPU.Build.0 = Debug|Any CPU
		{6FAC0808-416A-4605-A1E7-042F7A270BB3}.Release|Any CPU.ActiveCfg = Release|Any CPU
		{6FAC0808-416A-4605-A1E7-042F7A270BB3}.Release|Any CPU.Build.0 = Release|Any CPU
		{C6C3C03B-B8BD-4208-B2DA-727536B5CDA1}.Debug|Any CPU.ActiveCfg = Debug|Any CPU
		{C6C3C03B-B8BD-4208-B2DA-727536B5CDA1}.Debug|Any CPU.Build.0 = Debug|Any CPU
		{C6C3C03B-B8BD-4208-B2DA-727536B5CDA1}.Release|Any CPU.ActiveCfg = Release|Any CPU
		{C6C3C03B-B8BD-4208-B2DA-727536B5CDA1}.Release|Any CPU.Build.0 = Release|Any CPU
		{65731F8B-3FD8-4893-B35F-371F69C9734D}.Debug|Any CPU.ActiveCfg = Debug|Any CPU
		{65731F8B-3FD8-4893-B35F-371F69C9734D}.Debug|Any CPU.Build.0 = Debug|Any CPU
		{65731F8B-3FD8-4893-B35F-371F69C9734D}.Release|Any CPU.ActiveCfg = Release|Any CPU
		{65731F8B-3FD8-4893-B35F-371F69C9734D}.Release|Any CPU.Build.0 = Release|Any CPU
		{A6441560-3CC8-4AC3-AE4A-D092B424719F}.Debug|Any CPU.ActiveCfg = Debug|Any CPU
		{A6441560-3CC8-4AC3-AE4A-D092B424719F}.Debug|Any CPU.Build.0 = Debug|Any CPU
		{A6441560-3CC8-4AC3-AE4A-D092B424719F}.Release|Any CPU.ActiveCfg = Release|Any CPU
		{A6441560-3CC8-4AC3-AE4A-D092B424719F}.Release|Any CPU.Build.0 = Release|Any CPU
		{5B85E2D7-2005-4496-B5D7-59C68A1EC91D}.Debug|Any CPU.ActiveCfg = Debug|Any CPU
		{5B85E2D7-2005-4496-B5D7-59C68A1EC91D}.Debug|Any CPU.Build.0 = Debug|Any CPU
		{5B85E2D7-2005-4496-B5D7-59C68A1EC91D}.Release|Any CPU.ActiveCfg = Release|Any CPU
		{5B85E2D7-2005-4496-B5D7-59C68A1EC91D}.Release|Any CPU.Build.0 = Release|Any CPU
		{E1349E1C-77A7-4FC3-BDA8-735CD5CB2735}.Debug|Any CPU.ActiveCfg = Debug|Any CPU
		{E1349E1C-77A7-4FC3-BDA8-735CD5CB2735}.Debug|Any CPU.Build.0 = Debug|Any CPU
		{E1349E1C-77A7-4FC3-BDA8-735CD5CB2735}.Release|Any CPU.ActiveCfg = Release|Any CPU
		{E1349E1C-77A7-4FC3-BDA8-735CD5CB2735}.Release|Any CPU.Build.0 = Release|Any CPU
	EndGlobalSection
	GlobalSection(SolutionProperties) = preSolution
		HideSolutionNode = FALSE
	EndGlobalSection
	GlobalSection(NestedProjects) = preSolution
		{C23E2DE4-5C35-4205-99B5-55A0CE80CCBE} = {106FC38B-1268-47D8-A527-E4376709F683}
		{482239D1-673C-4181-A2DD-F9E5B1A2FD9B} = {9DCD61F8-1E1A-4650-BB23-35F646C6ACEB}
		{71505A79-B810-4C19-9DC4-C880F23E2A16} = {106FC38B-1268-47D8-A527-E4376709F683}
		{DD429228-A094-4617-BF08-57FE1EF44A96} = {106FC38B-1268-47D8-A527-E4376709F683}
		{75A32A3C-3D56-412A-BA31-ABD33ABDD054} = {9DCD61F8-1E1A-4650-BB23-35F646C6ACEB}
		{A6441560-3CC8-4AC3-AE4A-D092B424719F} = {9DCD61F8-1E1A-4650-BB23-35F646C6ACEB}
		{5B85E2D7-2005-4496-B5D7-59C68A1EC91D} = {9DCD61F8-1E1A-4650-BB23-35F646C6ACEB}
	EndGlobalSection
	GlobalSection(ExtensibilityGlobals) = postSolution
		SolutionGuid = {B8DBE440-37DD-45E8-AFE7-4C0B1B4C2336}
	EndGlobalSection
EndGlobal
